
Microsoft Visual Studio Solution File, Format Version 12.00
# Visual Studio Version 17
VisualStudioVersion = 17.1.32421.90
MinimumVisualStudioVersion = 10.0.40219.1
Project("{FAE04EC0-301F-11D3-BF4B-00C04F79EFBC}") = "TrafficLights", "TrafficLights.csproj", "{C1734BC5-B8AF-4C67-B463-E202CF3E50BA}"
EndProject
Global
	GlobalSection(SolutionConfigurationPlatforms) = preSolution
		Debug|Any CPU = Debug|Any CPU
		Release|Any CPU = Release|Any CPU
	EndGlobalSection
	GlobalSection(ProjectConfigurationPlatforms) = postSolution
		{C1734BC5-B8AF-4C67-B463-E202CF3E50BA}.Debug|Any CPU.ActiveCfg = Debug|Any CPU
		{C1734BC5-B8AF-4C67-B463-E202CF3E50BA}.Debug|Any CPU.Build.0 = Debug|Any CPU
		{C1734BC5-B8AF-4C67-B463-E202CF3E50BA}.Release|Any CPU.ActiveCfg = Release|Any CPU
		{C1734BC5-B8AF-4C67-B463-E202CF3E50BA}.Release|Any CPU.Build.0 = Release|Any CPU
	EndGlobalSection
	GlobalSection(SolutionProperties) = preSolution
		HideSolutionNode = FALSE
	EndGlobalSection
	GlobalSection(ExtensibilityGlobals) = postSolution
		SolutionGuid = {512F0573-E366-4732-86AD-32B4233002AB}
	EndGlobalSection
EndGlobal
